// !$*UTF8*$!
{
	archiveVersion = 1;
	classes = {
	};
	objectVersion = 50;
	objects = {

/* Begin PBXBuildFile section */
		234460EE23F62DF10013B353 /* MeteoriteMapView.swift in Sources */ = {isa = PBXBuildFile; fileRef = 234460ED23F62DF10013B353 /* MeteoriteMapView.swift */; };
		234460F023F633930013B353 /* MapView.swift in Sources */ = {isa = PBXBuildFile; fileRef = 234460EF23F633930013B353 /* MapView.swift */; };
		23B84F2E23F5EDF8000A3D13 /* AppDelegate.swift in Sources */ = {isa = PBXBuildFile; fileRef = 23B84F2D23F5EDF8000A3D13 /* AppDelegate.swift */; };
		23B84F3023F5EDF8000A3D13 /* SceneDelegate.swift in Sources */ = {isa = PBXBuildFile; fileRef = 23B84F2F23F5EDF8000A3D13 /* SceneDelegate.swift */; };
		23B84F3523F5EDF8000A3D13 /* MeteoriteListView.swift in Sources */ = {isa = PBXBuildFile; fileRef = 23B84F3423F5EDF8000A3D13 /* MeteoriteListView.swift */; };
		23B84F3A23F5EDFB000A3D13 /* Preview Assets.xcassets in Resources */ = {isa = PBXBuildFile; fileRef = 23B84F3923F5EDFB000A3D13 /* Preview Assets.xcassets */; };
		23B84F3D23F5EDFB000A3D13 /* LaunchScreen.storyboard in Resources */ = {isa = PBXBuildFile; fileRef = 23B84F3B23F5EDFB000A3D13 /* LaunchScreen.storyboard */; };
		23B84F4823F5EDFC000A3D13 /* TalulaTests.swift in Sources */ = {isa = PBXBuildFile; fileRef = 23B84F4723F5EDFC000A3D13 /* TalulaTests.swift */; };
		23B84F5423F5F827000A3D13 /* MeteoriteRow.swift in Sources */ = {isa = PBXBuildFile; fileRef = 23B84F5323F5F827000A3D13 /* MeteoriteRow.swift */; };
		23B84F5623F5FB19000A3D13 /* MeteoriteModel.swift in Sources */ = {isa = PBXBuildFile; fileRef = 23B84F5523F5FB19000A3D13 /* MeteoriteModel.swift */; };
		23B84F5823F5FB60000A3D13 /* MeteoriteStore.swift in Sources */ = {isa = PBXBuildFile; fileRef = 23B84F5723F5FB60000A3D13 /* MeteoriteStore.swift */; };
		23B84F5F23F5FFD2000A3D13 /* Assets.xcassets in Resources */ = {isa = PBXBuildFile; fileRef = 23B84F5E23F5FFD2000A3D13 /* Assets.xcassets */; };
		23B84F6123F60579000A3D13 /* Constants.swift in Sources */ = {isa = PBXBuildFile; fileRef = 23B84F6023F60579000A3D13 /* Constants.swift */; };
		23B84F6323F61BC9000A3D13 /* AboutView.swift in Sources */ = {isa = PBXBuildFile; fileRef = 23B84F6223F61BC9000A3D13 /* AboutView.swift */; };
		23C70F5023F6BD1100C8E060 /* DataRefreshOperation.swift in Sources */ = {isa = PBXBuildFile; fileRef = 23C70F4323F6BD1100C8E060 /* DataRefreshOperation.swift */; };
		23C70F5123F6BD1100C8E060 /* DataSync.swift in Sources */ = {isa = PBXBuildFile; fileRef = 23C70F4423F6BD1100C8E060 /* DataSync.swift */; };
		23C70F5223F6BD1100C8E060 /* CoreDataContainer.swift in Sources */ = {isa = PBXBuildFile; fileRef = 23C70F4523F6BD1100C8E060 /* CoreDataContainer.swift */; };
		23C70F5323F6BD1100C8E060 /* SourceDataDownloader.swift in Sources */ = {isa = PBXBuildFile; fileRef = 23C70F4723F6BD1100C8E060 /* SourceDataDownloader.swift */; };
		23C70F5423F6BD1100C8E060 /* Talula.xcdatamodeld in Sources */ = {isa = PBXBuildFile; fileRef = 23C70F4823F6BD1100C8E060 /* Talula.xcdatamodeld */; };
		23C70F5523F6BD1100C8E060 /* MeteoriteResponse.swift in Sources */ = {isa = PBXBuildFile; fileRef = 23C70F4A23F6BD1100C8E060 /* MeteoriteResponse.swift */; };
		23C70F5623F6BD1100C8E060 /* SourceDataSync.swift in Sources */ = {isa = PBXBuildFile; fileRef = 23C70F4B23F6BD1100C8E060 /* SourceDataSync.swift */; };
		23C70F5723F6BD1100C8E060 /* Meteorite+CoreDataProperties.swift in Sources */ = {isa = PBXBuildFile; fileRef = 23C70F4C23F6BD1100C8E060 /* Meteorite+CoreDataProperties.swift */; };
		23C70F5823F6BD1100C8E060 /* MeteoriteStorage.swift in Sources */ = {isa = PBXBuildFile; fileRef = 23C70F4D23F6BD1100C8E060 /* MeteoriteStorage.swift */; };
		23C70F5923F6BD1100C8E060 /* Meteorite+CoreDataClass.swift in Sources */ = {isa = PBXBuildFile; fileRef = 23C70F4E23F6BD1100C8E060 /* Meteorite+CoreDataClass.swift */; };
		23C70F5A23F6BD1100C8E060 /* TaskScheduler.swift in Sources */ = {isa = PBXBuildFile; fileRef = 23C70F4F23F6BD1100C8E060 /* TaskScheduler.swift */; };
		23C70F5C23F6C0C700C8E060 /* MeteoriteFetchedResultsControllerDelegate.swift in Sources */ = {isa = PBXBuildFile; fileRef = 23C70F5B23F6C0C700C8E060 /* MeteoriteFetchedResultsControllerDelegate.swift */; };
/* End PBXBuildFile section */

/* Begin PBXContainerItemProxy section */
		23B84F4423F5EDFC000A3D13 /* PBXContainerItemProxy */ = {
			isa = PBXContainerItemProxy;
			containerPortal = 23B84F2223F5EDF8000A3D13 /* Project object */;
			proxyType = 1;
			remoteGlobalIDString = 23B84F2923F5EDF8000A3D13;
			remoteInfo = Talula;
		};
/* End PBXContainerItemProxy section */

/* Begin PBXFileReference section */
		234460ED23F62DF10013B353 /* MeteoriteMapView.swift */ = {isa = PBXFileReference; lastKnownFileType = sourcecode.swift; path = MeteoriteMapView.swift; sourceTree = "<group>"; };
		234460EF23F633930013B353 /* MapView.swift */ = {isa = PBXFileReference; fileEncoding = 4; lastKnownFileType = sourcecode.swift; path = MapView.swift; sourceTree = "<group>"; };
		23B84F2A23F5EDF8000A3D13 /* Talula.app */ = {isa = PBXFileReference; explicitFileType = wrapper.application; includeInIndex = 0; path = Talula.app; sourceTree = BUILT_PRODUCTS_DIR; };
		23B84F2D23F5EDF8000A3D13 /* AppDelegate.swift */ = {isa = PBXFileReference; lastKnownFileType = sourcecode.swift; path = AppDelegate.swift; sourceTree = "<group>"; };
		23B84F2F23F5EDF8000A3D13 /* SceneDelegate.swift */ = {isa = PBXFileReference; lastKnownFileType = sourcecode.swift; path = SceneDelegate.swift; sourceTree = "<group>"; };
		23B84F3423F5EDF8000A3D13 /* MeteoriteListView.swift */ = {isa = PBXFileReference; lastKnownFileType = sourcecode.swift; path = MeteoriteListView.swift; sourceTree = "<group>"; };
		23B84F3923F5EDFB000A3D13 /* Preview Assets.xcassets */ = {isa = PBXFileReference; lastKnownFileType = folder.assetcatalog; path = "Preview Assets.xcassets"; sourceTree = "<group>"; };
		23B84F3C23F5EDFB000A3D13 /* Base */ = {isa = PBXFileReference; lastKnownFileType = file.storyboard; name = Base; path = Base.lproj/LaunchScreen.storyboard; sourceTree = "<group>"; };
		23B84F3E23F5EDFB000A3D13 /* Info.plist */ = {isa = PBXFileReference; lastKnownFileType = text.plist.xml; path = Info.plist; sourceTree = "<group>"; };
		23B84F4323F5EDFC000A3D13 /* TalulaTests.xctest */ = {isa = PBXFileReference; explicitFileType = wrapper.cfbundle; includeInIndex = 0; path = TalulaTests.xctest; sourceTree = BUILT_PRODUCTS_DIR; };
		23B84F4723F5EDFC000A3D13 /* TalulaTests.swift */ = {isa = PBXFileReference; lastKnownFileType = sourcecode.swift; path = TalulaTests.swift; sourceTree = "<group>"; };
		23B84F4923F5EDFC000A3D13 /* Info.plist */ = {isa = PBXFileReference; lastKnownFileType = text.plist.xml; path = Info.plist; sourceTree = "<group>"; };
		23B84F5323F5F827000A3D13 /* MeteoriteRow.swift */ = {isa = PBXFileReference; lastKnownFileType = sourcecode.swift; path = MeteoriteRow.swift; sourceTree = "<group>"; };
		23B84F5523F5FB19000A3D13 /* MeteoriteModel.swift */ = {isa = PBXFileReference; lastKnownFileType = sourcecode.swift; path = MeteoriteModel.swift; sourceTree = "<group>"; };
		23B84F5723F5FB60000A3D13 /* MeteoriteStore.swift */ = {isa = PBXFileReference; lastKnownFileType = sourcecode.swift; path = MeteoriteStore.swift; sourceTree = "<group>"; };
		23B84F5E23F5FFD2000A3D13 /* Assets.xcassets */ = {isa = PBXFileReference; lastKnownFileType = folder.assetcatalog; path = Assets.xcassets; sourceTree = "<group>"; };
		23B84F6023F60579000A3D13 /* Constants.swift */ = {isa = PBXFileReference; fileEncoding = 4; lastKnownFileType = sourcecode.swift; path = Constants.swift; sourceTree = "<group>"; };
		23B84F6223F61BC9000A3D13 /* AboutView.swift */ = {isa = PBXFileReference; lastKnownFileType = sourcecode.swift; path = AboutView.swift; sourceTree = "<group>"; };
		23C70F4323F6BD1100C8E060 /* DataRefreshOperation.swift */ = {isa = PBXFileReference; fileEncoding = 4; lastKnownFileType = sourcecode.swift; path = DataRefreshOperation.swift; sourceTree = "<group>"; };
		23C70F4423F6BD1100C8E060 /* DataSync.swift */ = {isa = PBXFileReference; fileEncoding = 4; lastKnownFileType = sourcecode.swift; path = DataSync.swift; sourceTree = "<group>"; };
		23C70F4523F6BD1100C8E060 /* CoreDataContainer.swift */ = {isa = PBXFileReference; fileEncoding = 4; lastKnownFileType = sourcecode.swift; path = CoreDataContainer.swift; sourceTree = "<group>"; };
		23C70F4723F6BD1100C8E060 /* SourceDataDownloader.swift */ = {isa = PBXFileReference; fileEncoding = 4; lastKnownFileType = sourcecode.swift; path = SourceDataDownloader.swift; sourceTree = "<group>"; };
		23C70F4923F6BD1100C8E060 /* Talula.xcdatamodel */ = {isa = PBXFileReference; lastKnownFileType = wrapper.xcdatamodel; path = Talula.xcdatamodel; sourceTree = "<group>"; };
		23C70F4A23F6BD1100C8E060 /* MeteoriteResponse.swift */ = {isa = PBXFileReference; fileEncoding = 4; lastKnownFileType = sourcecode.swift; path = MeteoriteResponse.swift; sourceTree = "<group>"; };
		23C70F4B23F6BD1100C8E060 /* SourceDataSync.swift */ = {isa = PBXFileReference; fileEncoding = 4; lastKnownFileType = sourcecode.swift; path = SourceDataSync.swift; sourceTree = "<group>"; };
		23C70F4C23F6BD1100C8E060 /* Meteorite+CoreDataProperties.swift */ = {isa = PBXFileReference; fileEncoding = 4; lastKnownFileType = sourcecode.swift; path = "Meteorite+CoreDataProperties.swift"; sourceTree = "<group>"; };
		23C70F4D23F6BD1100C8E060 /* MeteoriteStorage.swift */ = {isa = PBXFileReference; fileEncoding = 4; lastKnownFileType = sourcecode.swift; path = MeteoriteStorage.swift; sourceTree = "<group>"; };
		23C70F4E23F6BD1100C8E060 /* Meteorite+CoreDataClass.swift */ = {isa = PBXFileReference; fileEncoding = 4; lastKnownFileType = sourcecode.swift; path = "Meteorite+CoreDataClass.swift"; sourceTree = "<group>"; };
		23C70F4F23F6BD1100C8E060 /* TaskScheduler.swift */ = {isa = PBXFileReference; fileEncoding = 4; lastKnownFileType = sourcecode.swift; path = TaskScheduler.swift; sourceTree = "<group>"; };
		23C70F5B23F6C0C700C8E060 /* MeteoriteFetchedResultsControllerDelegate.swift */ = {isa = PBXFileReference; lastKnownFileType = sourcecode.swift; path = MeteoriteFetchedResultsControllerDelegate.swift; sourceTree = "<group>"; };
/* End PBXFileReference section */

/* Begin PBXFrameworksBuildPhase section */
		23B84F2723F5EDF8000A3D13 /* Frameworks */ = {
			isa = PBXFrameworksBuildPhase;
			buildActionMask = 2147483647;
			files = (
			);
			runOnlyForDeploymentPostprocessing = 0;
		};
		23B84F4023F5EDFC000A3D13 /* Frameworks */ = {
			isa = PBXFrameworksBuildPhase;
			buildActionMask = 2147483647;
			files = (
			);
			runOnlyForDeploymentPostprocessing = 0;
		};
/* End PBXFrameworksBuildPhase section */

/* Begin PBXGroup section */
		23B84F2123F5EDF8000A3D13 = {
			isa = PBXGroup;
			children = (
				23B84F2C23F5EDF8000A3D13 /* Talula */,
				23B84F4623F5EDFC000A3D13 /* TalulaTests */,
				23B84F2B23F5EDF8000A3D13 /* Products */,
			);
			sourceTree = "<group>";
		};
		23B84F2B23F5EDF8000A3D13 /* Products */ = {
			isa = PBXGroup;
			children = (
				23B84F2A23F5EDF8000A3D13 /* Talula.app */,
				23B84F4323F5EDFC000A3D13 /* TalulaTests.xctest */,
			);
			name = Products;
			sourceTree = "<group>";
		};
		23B84F2C23F5EDF8000A3D13 /* Talula */ = {
			isa = PBXGroup;
			children = (
				23B84F2D23F5EDF8000A3D13 /* AppDelegate.swift */,
				23B84F2F23F5EDF8000A3D13 /* SceneDelegate.swift */,
				23B84F6023F60579000A3D13 /* Constants.swift */,
				23C70F4523F6BD1100C8E060 /* CoreDataContainer.swift */,
				23C70F4323F6BD1100C8E060 /* DataRefreshOperation.swift */,
				23C70F4423F6BD1100C8E060 /* DataSync.swift */,
				23C70F4F23F6BD1100C8E060 /* TaskScheduler.swift */,
				23C70F4623F6BD1100C8E060 /* Storage */,
				23B84F5723F5FB60000A3D13 /* MeteoriteStore.swift */,
				23B84F3423F5EDF8000A3D13 /* MeteoriteListView.swift */,
				23B84F5323F5F827000A3D13 /* MeteoriteRow.swift */,
				234460ED23F62DF10013B353 /* MeteoriteMapView.swift */,
				234460EF23F633930013B353 /* MapView.swift */,
				23B84F6223F61BC9000A3D13 /* AboutView.swift */,
				23B84F5523F5FB19000A3D13 /* MeteoriteModel.swift */,
				23B84F3B23F5EDFB000A3D13 /* LaunchScreen.storyboard */,
				23B84F3E23F5EDFB000A3D13 /* Info.plist */,
				23B84F5E23F5FFD2000A3D13 /* Assets.xcassets */,
				23B84F3823F5EDFB000A3D13 /* Preview Content */,
			);
			path = Talula;
			sourceTree = "<group>";
		};
		23B84F3823F5EDFB000A3D13 /* Preview Content */ = {
			isa = PBXGroup;
			children = (
				23B84F3923F5EDFB000A3D13 /* Preview Assets.xcassets */,
			);
			path = "Preview Content";
			sourceTree = "<group>";
		};
		23B84F4623F5EDFC000A3D13 /* TalulaTests */ = {
			isa = PBXGroup;
			children = (
				23B84F4723F5EDFC000A3D13 /* TalulaTests.swift */,
				23B84F4923F5EDFC000A3D13 /* Info.plist */,
			);
			path = TalulaTests;
			sourceTree = "<group>";
		};
		23C70F4623F6BD1100C8E060 /* Storage */ = {
			isa = PBXGroup;
			children = (
				23C70F4723F6BD1100C8E060 /* SourceDataDownloader.swift */,
				23C70F4823F6BD1100C8E060 /* Talula.xcdatamodeld */,
				23C70F4A23F6BD1100C8E060 /* MeteoriteResponse.swift */,
				23C70F4B23F6BD1100C8E060 /* SourceDataSync.swift */,
				23C70F4D23F6BD1100C8E060 /* MeteoriteStorage.swift */,
				23C70F5B23F6C0C700C8E060 /* MeteoriteFetchedResultsControllerDelegate.swift */,
				23C70F4C23F6BD1100C8E060 /* Meteorite+CoreDataProperties.swift */,
				23C70F4E23F6BD1100C8E060 /* Meteorite+CoreDataClass.swift */,
			);
			path = Storage;
			sourceTree = "<group>";
		};
/* End PBXGroup section */

/* Begin PBXNativeTarget section */
		23B84F2923F5EDF8000A3D13 /* Talula */ = {
			isa = PBXNativeTarget;
			buildConfigurationList = 23B84F4C23F5EDFC000A3D13 /* Build configuration list for PBXNativeTarget "Talula" */;
			buildPhases = (
				23B84F2623F5EDF8000A3D13 /* Sources */,
				23B84F2723F5EDF8000A3D13 /* Frameworks */,
				23B84F2823F5EDF8000A3D13 /* Resources */,
			);
			buildRules = (
			);
			dependencies = (
			);
			name = Talula;
			productName = Talula;
			productReference = 23B84F2A23F5EDF8000A3D13 /* Talula.app */;
			productType = "com.apple.product-type.application";
		};
		23B84F4223F5EDFC000A3D13 /* TalulaTests */ = {
			isa = PBXNativeTarget;
			buildConfigurationList = 23B84F4F23F5EDFC000A3D13 /* Build configuration list for PBXNativeTarget "TalulaTests" */;
			buildPhases = (
				23B84F3F23F5EDFC000A3D13 /* Sources */,
				23B84F4023F5EDFC000A3D13 /* Frameworks */,
				23B84F4123F5EDFC000A3D13 /* Resources */,
			);
			buildRules = (
			);
			dependencies = (
				23B84F4523F5EDFC000A3D13 /* PBXTargetDependency */,
			);
			name = TalulaTests;
			productName = TalulaTests;
			productReference = 23B84F4323F5EDFC000A3D13 /* TalulaTests.xctest */;
			productType = "com.apple.product-type.bundle.unit-test";
		};
/* End PBXNativeTarget section */

/* Begin PBXProject section */
		23B84F2223F5EDF8000A3D13 /* Project object */ = {
			isa = PBXProject;
			attributes = {
				LastSwiftUpdateCheck = 1130;
				LastUpgradeCheck = 1130;
				ORGANIZATIONNAME = "Diana Brnovik";
				TargetAttributes = {
					23B84F2923F5EDF8000A3D13 = {
						CreatedOnToolsVersion = 11.3.1;
					};
					23B84F4223F5EDFC000A3D13 = {
						CreatedOnToolsVersion = 11.3.1;
						TestTargetID = 23B84F2923F5EDF8000A3D13;
					};
				};
			};
			buildConfigurationList = 23B84F2523F5EDF8000A3D13 /* Build configuration list for PBXProject "Talula" */;
			compatibilityVersion = "Xcode 9.3";
			developmentRegion = en;
			hasScannedForEncodings = 0;
			knownRegions = (
				en,
				Base,
			);
			mainGroup = 23B84F2123F5EDF8000A3D13;
			productRefGroup = 23B84F2B23F5EDF8000A3D13 /* Products */;
			projectDirPath = "";
			projectRoot = "";
			targets = (
				23B84F2923F5EDF8000A3D13 /* Talula */,
				23B84F4223F5EDFC000A3D13 /* TalulaTests */,
			);
		};
/* End PBXProject section */

/* Begin PBXResourcesBuildPhase section */
		23B84F2823F5EDF8000A3D13 /* Resources */ = {
			isa = PBXResourcesBuildPhase;
			buildActionMask = 2147483647;
			files = (
				23B84F3D23F5EDFB000A3D13 /* LaunchScreen.storyboard in Resources */,
				23B84F5F23F5FFD2000A3D13 /* Assets.xcassets in Resources */,
				23B84F3A23F5EDFB000A3D13 /* Preview Assets.xcassets in Resources */,
			);
			runOnlyForDeploymentPostprocessing = 0;
		};
		23B84F4123F5EDFC000A3D13 /* Resources */ = {
			isa = PBXResourcesBuildPhase;
			buildActionMask = 2147483647;
			files = (
			);
			runOnlyForDeploymentPostprocessing = 0;
		};
/* End PBXResourcesBuildPhase section */

/* Begin PBXSourcesBuildPhase section */
		23B84F2623F5EDF8000A3D13 /* Sources */ = {
			isa = PBXSourcesBuildPhase;
			buildActionMask = 2147483647;
			files = (
				234460F023F633930013B353 /* MapView.swift in Sources */,
				23B84F5623F5FB19000A3D13 /* MeteoriteModel.swift in Sources */,
				23C70F5423F6BD1100C8E060 /* Talula.xcdatamodeld in Sources */,
				23C70F5523F6BD1100C8E060 /* MeteoriteResponse.swift in Sources */,
				23B84F6323F61BC9000A3D13 /* AboutView.swift in Sources */,
				23C70F5623F6BD1100C8E060 /* SourceDataSync.swift in Sources */,
				23B84F2E23F5EDF8000A3D13 /* AppDelegate.swift in Sources */,
				23C70F5923F6BD1100C8E060 /* Meteorite+CoreDataClass.swift in Sources */,
				23B84F3023F5EDF8000A3D13 /* SceneDelegate.swift in Sources */,
				23C70F5023F6BD1100C8E060 /* DataRefreshOperation.swift in Sources */,
				23C70F5323F6BD1100C8E060 /* SourceDataDownloader.swift in Sources */,
				23C70F5223F6BD1100C8E060 /* CoreDataContainer.swift in Sources */,
				23B84F6123F60579000A3D13 /* Constants.swift in Sources */,
				23C70F5C23F6C0C700C8E060 /* MeteoriteFetchedResultsControllerDelegate.swift in Sources */,
				23B84F5823F5FB60000A3D13 /* MeteoriteStore.swift in Sources */,
				23C70F5A23F6BD1100C8E060 /* TaskScheduler.swift in Sources */,
				23C70F5723F6BD1100C8E060 /* Meteorite+CoreDataProperties.swift in Sources */,
				234460EE23F62DF10013B353 /* MeteoriteMapView.swift in Sources */,
				23C70F5123F6BD1100C8E060 /* DataSync.swift in Sources */,
				23B84F3523F5EDF8000A3D13 /* MeteoriteListView.swift in Sources */,
				23B84F5423F5F827000A3D13 /* MeteoriteRow.swift in Sources */,
				23C70F5823F6BD1100C8E060 /* MeteoriteStorage.swift in Sources */,
			);
			runOnlyForDeploymentPostprocessing = 0;
		};
		23B84F3F23F5EDFC000A3D13 /* Sources */ = {
			isa = PBXSourcesBuildPhase;
			buildActionMask = 2147483647;
			files = (
				23B84F4823F5EDFC000A3D13 /* TalulaTests.swift in Sources */,
			);
			runOnlyForDeploymentPostprocessing = 0;
		};
/* End PBXSourcesBuildPhase section */

/* Begin PBXTargetDependency section */
		23B84F4523F5EDFC000A3D13 /* PBXTargetDependency */ = {
			isa = PBXTargetDependency;
			target = 23B84F2923F5EDF8000A3D13 /* Talula */;
			targetProxy = 23B84F4423F5EDFC000A3D13 /* PBXContainerItemProxy */;
		};
/* End PBXTargetDependency section */

/* Begin PBXVariantGroup section */
		23B84F3B23F5EDFB000A3D13 /* LaunchScreen.storyboard */ = {
			isa = PBXVariantGroup;
			children = (
				23B84F3C23F5EDFB000A3D13 /* Base */,
			);
			name = LaunchScreen.storyboard;
			sourceTree = "<group>";
		};
/* End PBXVariantGroup section */

/* Begin XCBuildConfiguration section */
		23B84F4A23F5EDFC000A3D13 /* Debug */ = {
			isa = XCBuildConfiguration;
			buildSettings = {
				ALWAYS_SEARCH_USER_PATHS = NO;
				CLANG_ANALYZER_NONNULL = YES;
				CLANG_ANALYZER_NUMBER_OBJECT_CONVERSION = YES_AGGRESSIVE;
				CLANG_CXX_LANGUAGE_STANDARD = "gnu++14";
				CLANG_CXX_LIBRARY = "libc++";
				CLANG_ENABLE_MODULES = YES;
				CLANG_ENABLE_OBJC_ARC = YES;
				CLANG_ENABLE_OBJC_WEAK = YES;
				CLANG_WARN_BLOCK_CAPTURE_AUTORELEASING = YES;
				CLANG_WARN_BOOL_CONVERSION = YES;
				CLANG_WARN_COMMA = YES;
				CLANG_WARN_CONSTANT_CONVERSION = YES;
				CLANG_WARN_DEPRECATED_OBJC_IMPLEMENTATIONS = YES;
				CLANG_WARN_DIRECT_OBJC_ISA_USAGE = YES_ERROR;
				CLANG_WARN_DOCUMENTATION_COMMENTS = YES;
				CLANG_WARN_EMPTY_BODY = YES;
				CLANG_WARN_ENUM_CONVERSION = YES;
				CLANG_WARN_INFINITE_RECURSION = YES;
				CLANG_WARN_INT_CONVERSION = YES;
				CLANG_WARN_NON_LITERAL_NULL_CONVERSION = YES;
				CLANG_WARN_OBJC_IMPLICIT_RETAIN_SELF = YES;
				CLANG_WARN_OBJC_LITERAL_CONVERSION = YES;
				CLANG_WARN_OBJC_ROOT_CLASS = YES_ERROR;
				CLANG_WARN_RANGE_LOOP_ANALYSIS = YES;
				CLANG_WARN_STRICT_PROTOTYPES = YES;
				CLANG_WARN_SUSPICIOUS_MOVE = YES;
				CLANG_WARN_UNGUARDED_AVAILABILITY = YES_AGGRESSIVE;
				CLANG_WARN_UNREACHABLE_CODE = YES;
				CLANG_WARN__DUPLICATE_METHOD_MATCH = YES;
				COPY_PHASE_STRIP = NO;
				DEBUG_INFORMATION_FORMAT = dwarf;
				ENABLE_STRICT_OBJC_MSGSEND = YES;
				ENABLE_TESTABILITY = YES;
				GCC_C_LANGUAGE_STANDARD = gnu11;
				GCC_DYNAMIC_NO_PIC = NO;
				GCC_NO_COMMON_BLOCKS = YES;
				GCC_OPTIMIZATION_LEVEL = 0;
				GCC_PREPROCESSOR_DEFINITIONS = (
					"DEBUG=1",
					"$(inherited)",
				);
				GCC_WARN_64_TO_32_BIT_CONVERSION = YES;
				GCC_WARN_ABOUT_RETURN_TYPE = YES_ERROR;
				GCC_WARN_UNDECLARED_SELECTOR = YES;
				GCC_WARN_UNINITIALIZED_AUTOS = YES_AGGRESSIVE;
				GCC_WARN_UNUSED_FUNCTION = YES;
				GCC_WARN_UNUSED_VARIABLE = YES;
				IPHONEOS_DEPLOYMENT_TARGET = 13.2;
				MTL_ENABLE_DEBUG_INFO = INCLUDE_SOURCE;
				MTL_FAST_MATH = YES;
				ONLY_ACTIVE_ARCH = YES;
				SDKROOT = iphoneos;
				SWIFT_ACTIVE_COMPILATION_CONDITIONS = DEBUG;
				SWIFT_OPTIMIZATION_LEVEL = "-Onone";
			};
			name = Debug;
		};
		23B84F4B23F5EDFC000A3D13 /* Release */ = {
			isa = XCBuildConfiguration;
			buildSettings = {
				ALWAYS_SEARCH_USER_PATHS = NO;
				CLANG_ANALYZER_NONNULL = YES;
				CLANG_ANALYZER_NUMBER_OBJECT_CONVERSION = YES_AGGRESSIVE;
				CLANG_CXX_LANGUAGE_STANDARD = "gnu++14";
				CLANG_CXX_LIBRARY = "libc++";
				CLANG_ENABLE_MODULES = YES;
				CLANG_ENABLE_OBJC_ARC = YES;
				CLANG_ENABLE_OBJC_WEAK = YES;
				CLANG_WARN_BLOCK_CAPTURE_AUTORELEASING = YES;
				CLANG_WARN_BOOL_CONVERSION = YES;
				CLANG_WARN_COMMA = YES;
				CLANG_WARN_CONSTANT_CONVERSION = YES;
				CLANG_WARN_DEPRECATED_OBJC_IMPLEMENTATIONS = YES;
				CLANG_WARN_DIRECT_OBJC_ISA_USAGE = YES_ERROR;
				CLANG_WARN_DOCUMENTATION_COMMENTS = YES;
				CLANG_WARN_EMPTY_BODY = YES;
				CLANG_WARN_ENUM_CONVERSION = YES;
				CLANG_WARN_INFINITE_RECURSION = YES;
				CLANG_WARN_INT_CONVERSION = YES;
				CLANG_WARN_NON_LITERAL_NULL_CONVERSION = YES;
				CLANG_WARN_OBJC_IMPLICIT_RETAIN_SELF = YES;
				CLANG_WARN_OBJC_LITERAL_CONVERSION = YES;
				CLANG_WARN_OBJC_ROOT_CLASS = YES_ERROR;
				CLANG_WARN_RANGE_LOOP_ANALYSIS = YES;
				CLANG_WARN_STRICT_PROTOTYPES = YES;
				CLANG_WARN_SUSPICIOUS_MOVE = YES;
				CLANG_WARN_UNGUARDED_AVAILABILITY = YES_AGGRESSIVE;
				CLANG_WARN_UNREACHABLE_CODE = YES;
				CLANG_WARN__DUPLICATE_METHOD_MATCH = YES;
				COPY_PHASE_STRIP = NO;
				DEBUG_INFORMATION_FORMAT = "dwarf-with-dsym";
				ENABLE_NS_ASSERTIONS = NO;
				ENABLE_STRICT_OBJC_MSGSEND = YES;
				GCC_C_LANGUAGE_STANDARD = gnu11;
				GCC_NO_COMMON_BLOCKS = YES;
				GCC_WARN_64_TO_32_BIT_CONVERSION = YES;
				GCC_WARN_ABOUT_RETURN_TYPE = YES_ERROR;
				GCC_WARN_UNDECLARED_SELECTOR = YES;
				GCC_WARN_UNINITIALIZED_AUTOS = YES_AGGRESSIVE;
				GCC_WARN_UNUSED_FUNCTION = YES;
				GCC_WARN_UNUSED_VARIABLE = YES;
				IPHONEOS_DEPLOYMENT_TARGET = 13.2;
				MTL_ENABLE_DEBUG_INFO = NO;
				MTL_FAST_MATH = YES;
				SDKROOT = iphoneos;
				SWIFT_COMPILATION_MODE = wholemodule;
				SWIFT_OPTIMIZATION_LEVEL = "-O";
				VALIDATE_PRODUCT = YES;
			};
			name = Release;
		};
		23B84F4D23F5EDFC000A3D13 /* Debug */ = {
			isa = XCBuildConfiguration;
			buildSettings = {
				ASSETCATALOG_COMPILER_APPICON_NAME = AppIcon;
				CODE_SIGN_STYLE = Automatic;
				DEVELOPMENT_ASSET_PATHS = "\"Talula/Preview Content\"";
				DEVELOPMENT_TEAM = AYSUFL54D5;
				ENABLE_PREVIEWS = YES;
				INFOPLIST_FILE = Talula/Info.plist;
				LD_RUNPATH_SEARCH_PATHS = (
					"$(inherited)",
					"@executable_path/Frameworks",
				);
				PRODUCT_BUNDLE_IDENTIFIER = cz.xbrnovik.swiftui.Talula;
				PRODUCT_NAME = "$(TARGET_NAME)";
				SWIFT_VERSION = 5.0;
				TARGETED_DEVICE_FAMILY = "1,2";
			};
			name = Debug;
		};
		23B84F4E23F5EDFC000A3D13 /* Release */ = {
			isa = XCBuildConfiguration;
			buildSettings = {
				ASSETCATALOG_COMPILER_APPICON_NAME = AppIcon;
				CODE_SIGN_STYLE = Automatic;
				DEVELOPMENT_ASSET_PATHS = "\"Talula/Preview Content\"";
				DEVELOPMENT_TEAM = AYSUFL54D5;
				ENABLE_PREVIEWS = YES;
				INFOPLIST_FILE = Talula/Info.plist;
				LD_RUNPATH_SEARCH_PATHS = (
					"$(inherited)",
					"@executable_path/Frameworks",
				);
				PRODUCT_BUNDLE_IDENTIFIER = cz.xbrnovik.swiftui.Talula;
				PRODUCT_NAME = "$(TARGET_NAME)";
				SWIFT_VERSION = 5.0;
				TARGETED_DEVICE_FAMILY = "1,2";
			};
			name = Release;
		};
		23B84F5023F5EDFC000A3D13 /* Debug */ = {
			isa = XCBuildConfiguration;
			buildSettings = {
				ALWAYS_EMBED_SWIFT_STANDARD_LIBRARIES = YES;
				BUNDLE_LOADER = "$(TEST_HOST)";
				CODE_SIGN_STYLE = Automatic;
				DEVELOPMENT_TEAM = AYSUFL54D5;
				INFOPLIST_FILE = TalulaTests/Info.plist;
				IPHONEOS_DEPLOYMENT_TARGET = 13.2;
				LD_RUNPATH_SEARCH_PATHS = (
					"$(inherited)",
					"@executable_path/Frameworks",
					"@loader_path/Frameworks",
				);
				PRODUCT_BUNDLE_IDENTIFIER = cz.xbrnovik.swiftui.TalulaTests;
				PRODUCT_NAME = "$(TARGET_NAME)";
				SWIFT_VERSION = 5.0;
				TARGETED_DEVICE_FAMILY = "1,2";
				TEST_HOST = "$(BUILT_PRODUCTS_DIR)/Talula.app/Talula";
			};
			name = Debug;
		};
		23B84F5123F5EDFC000A3D13 /* Release */ = {
			isa = XCBuildConfiguration;
			buildSettings = {
				ALWAYS_EMBED_SWIFT_STANDARD_LIBRARIES = YES;
				BUNDLE_LOADER = "$(TEST_HOST)";
				CODE_SIGN_STYLE = Automatic;
				DEVELOPMENT_TEAM = AYSUFL54D5;
				INFOPLIST_FILE = TalulaTests/Info.plist;
				IPHONEOS_DEPLOYMENT_TARGET = 13.2;
				LD_RUNPATH_SEARCH_PATHS = (
					"$(inherited)",
					"@executable_path/Frameworks",
					"@loader_path/Frameworks",
				);
				PRODUCT_BUNDLE_IDENTIFIER = cz.xbrnovik.swiftui.TalulaTests;
				PRODUCT_NAME = "$(TARGET_NAME)";
				SWIFT_VERSION = 5.0;
				TARGETED_DEVICE_FAMILY = "1,2";
				TEST_HOST = "$(BUILT_PRODUCTS_DIR)/Talula.app/Talula";
			};
			name = Release;
		};
/* End XCBuildConfiguration section */

/* Begin XCConfigurationList section */
		23B84F2523F5EDF8000A3D13 /* Build configuration list for PBXProject "Talula" */ = {
			isa = XCConfigurationList;
			buildConfigurations = (
				23B84F4A23F5EDFC000A3D13 /* Debug */,
				23B84F4B23F5EDFC000A3D13 /* Release */,
			);
			defaultConfigurationIsVisible = 0;
			defaultConfigurationName = Release;
		};
		23B84F4C23F5EDFC000A3D13 /* Build configuration list for PBXNativeTarget "Talula" */ = {
			isa = XCConfigurationList;
			buildConfigurations = (
				23B84F4D23F5EDFC000A3D13 /* Debug */,
				23B84F4E23F5EDFC000A3D13 /* Release */,
			);
			defaultConfigurationIsVisible = 0;
			defaultConfigurationName = Release;
		};
		23B84F4F23F5EDFC000A3D13 /* Build configuration list for PBXNativeTarget "TalulaTests" */ = {
			isa = XCConfigurationList;
			buildConfigurations = (
				23B84F5023F5EDFC000A3D13 /* Debug */,
				23B84F5123F5EDFC000A3D13 /* Release */,
			);
			defaultConfigurationIsVisible = 0;
			defaultConfigurationName = Release;
		};
/* End XCConfigurationList section */

/* Begin XCVersionGroup section */
		23C70F4823F6BD1100C8E060 /* Talula.xcdatamodeld */ = {
			isa = XCVersionGroup;
			children = (
				23C70F4923F6BD1100C8E060 /* Talula.xcdatamodel */,
			);
			currentVersion = 23C70F4923F6BD1100C8E060 /* Talula.xcdatamodel */;
			path = Talula.xcdatamodeld;
			sourceTree = "<group>";
			versionGroupType = wrapper.xcdatamodel;
		};
/* End XCVersionGroup section */
	};
	rootObject = 23B84F2223F5EDF8000A3D13 /* Project object */;
}
